// !$*UTF8*$!
{
	archiveVersion = 1;
	classes = {
	};
	objectVersion = 55;
	objects = {

/* Begin PBXBuildFile section */
		8427E0F127E7738F004F9111 /* PostTableViewCell.swift in Sources */ = {isa = PBXBuildFile; fileRef = 8427E0F027E7738F004F9111 /* PostTableViewCell.swift */; };
		845F1EAF27C7B580003B437B /* FeedViewController.swift in Sources */ = {isa = PBXBuildFile; fileRef = 845F1EAE27C7B580003B437B /* FeedViewController.swift */; };
		845F1EB127C7B5A2003B437B /* ProfileViewController.swift in Sources */ = {isa = PBXBuildFile; fileRef = 845F1EB027C7B5A2003B437B /* ProfileViewController.swift */; };
		845F1EB527C7B63B003B437B /* MainTabBarController.swift in Sources */ = {isa = PBXBuildFile; fileRef = 845F1EB427C7B63B003B437B /* MainTabBarController.swift */; };
		845F1EB727C7F326003B437B /* PostViewController.swift in Sources */ = {isa = PBXBuildFile; fileRef = 845F1EB627C7F326003B437B /* PostViewController.swift */; };
		845F1EB927CA896B003B437B /* InfoViewController.swift in Sources */ = {isa = PBXBuildFile; fileRef = 845F1EB827CA896B003B437B /* InfoViewController.swift */; };
		8471830A27DDD56D003C1090 /* LogInViewController.swift in Sources */ = {isa = PBXBuildFile; fileRef = 8471830927DDD56D003C1090 /* LogInViewController.swift */; };
		848FE9ED27E5F29D00ABE1AD /* Post.swift in Sources */ = {isa = PBXBuildFile; fileRef = 848FE9EC27E5F29D00ABE1AD /* Post.swift */; };
		84DE712C27BAB7AF002397B7 /* AppDelegate.swift in Sources */ = {isa = PBXBuildFile; fileRef = 84DE712B27BAB7AF002397B7 /* AppDelegate.swift */; };
		84DE712E27BAB7AF002397B7 /* SceneDelegate.swift in Sources */ = {isa = PBXBuildFile; fileRef = 84DE712D27BAB7AF002397B7 /* SceneDelegate.swift */; };
		84DE713527BAB7B0002397B7 /* Assets.xcassets in Resources */ = {isa = PBXBuildFile; fileRef = 84DE713427BAB7B0002397B7 /* Assets.xcassets */; };
		84DE713827BAB7B0002397B7 /* LaunchScreen.storyboard in Resources */ = {isa = PBXBuildFile; fileRef = 84DE713627BAB7B0002397B7 /* LaunchScreen.storyboard */; };
		84E80FB827E9F41800C2EE3E /* PhotosTableViewCell.swift in Sources */ = {isa = PBXBuildFile; fileRef = 84E80FB727E9F41800C2EE3E /* PhotosTableViewCell.swift */; };
		84E80FBA27EA289A00C2EE3E /* PhotosViewController.swift in Sources */ = {isa = PBXBuildFile; fileRef = 84E80FB927EA289A00C2EE3E /* PhotosViewController.swift */; };
		84E80FBC27EA2FCC00C2EE3E /* PhotosCollectionViewCell.swift in Sources */ = {isa = PBXBuildFile; fileRef = 84E80FBB27EA2FCC00C2EE3E /* PhotosCollectionViewCell.swift */; };
		84E80FBE27EA3E7200C2EE3E /* Photos.swift in Sources */ = {isa = PBXBuildFile; fileRef = 84E80FBD27EA3E7200C2EE3E /* Photos.swift */; };
		84F2556B27CB89470048F111 /* ProfileHeaderView.swift in Sources */ = {isa = PBXBuildFile; fileRef = 84F2556A27CB89470048F111 /* ProfileHeaderView.swift */; };
/* End PBXBuildFile section */

/* Begin PBXFileReference section */
		8427E0F027E7738F004F9111 /* PostTableViewCell.swift */ = {isa = PBXFileReference; lastKnownFileType = sourcecode.swift; path = PostTableViewCell.swift; sourceTree = "<group>"; };
		845F1EAE27C7B580003B437B /* FeedViewController.swift */ = {isa = PBXFileReference; lastKnownFileType = sourcecode.swift; path = FeedViewController.swift; sourceTree = "<group>"; };
		845F1EB027C7B5A2003B437B /* ProfileViewController.swift */ = {isa = PBXFileReference; lastKnownFileType = sourcecode.swift; path = ProfileViewController.swift; sourceTree = "<group>"; };
		845F1EB427C7B63B003B437B /* MainTabBarController.swift */ = {isa = PBXFileReference; lastKnownFileType = sourcecode.swift; path = MainTabBarController.swift; sourceTree = "<group>"; };
		845F1EB627C7F326003B437B /* PostViewController.swift */ = {isa = PBXFileReference; lastKnownFileType = sourcecode.swift; path = PostViewController.swift; sourceTree = "<group>"; };
		845F1EB827CA896B003B437B /* InfoViewController.swift */ = {isa = PBXFileReference; lastKnownFileType = sourcecode.swift; path = InfoViewController.swift; sourceTree = "<group>"; };
		8471830927DDD56D003C1090 /* LogInViewController.swift */ = {isa = PBXFileReference; lastKnownFileType = sourcecode.swift; path = LogInViewController.swift; sourceTree = "<group>"; };
		848FE9EC27E5F29D00ABE1AD /* Post.swift */ = {isa = PBXFileReference; lastKnownFileType = sourcecode.swift; path = Post.swift; sourceTree = "<group>"; };
		84DE712827BAB7AF002397B7 /* Navigation.app */ = {isa = PBXFileReference; explicitFileType = wrapper.application; includeInIndex = 0; path = Navigation.app; sourceTree = BUILT_PRODUCTS_DIR; };
		84DE712B27BAB7AF002397B7 /* AppDelegate.swift */ = {isa = PBXFileReference; lastKnownFileType = sourcecode.swift; path = AppDelegate.swift; sourceTree = "<group>"; };
		84DE712D27BAB7AF002397B7 /* SceneDelegate.swift */ = {isa = PBXFileReference; lastKnownFileType = sourcecode.swift; path = SceneDelegate.swift; sourceTree = "<group>"; };
		84DE713427BAB7B0002397B7 /* Assets.xcassets */ = {isa = PBXFileReference; lastKnownFileType = folder.assetcatalog; path = Assets.xcassets; sourceTree = "<group>"; };
		84DE713727BAB7B0002397B7 /* Base */ = {isa = PBXFileReference; lastKnownFileType = file.storyboard; name = Base; path = Base.lproj/LaunchScreen.storyboard; sourceTree = "<group>"; };
		84DE713927BAB7B0002397B7 /* Info.plist */ = {isa = PBXFileReference; lastKnownFileType = text.plist.xml; path = Info.plist; sourceTree = "<group>"; };
		84E80FB727E9F41800C2EE3E /* PhotosTableViewCell.swift */ = {isa = PBXFileReference; lastKnownFileType = sourcecode.swift; path = PhotosTableViewCell.swift; sourceTree = "<group>"; };
		84E80FB927EA289A00C2EE3E /* PhotosViewController.swift */ = {isa = PBXFileReference; lastKnownFileType = sourcecode.swift; path = PhotosViewController.swift; sourceTree = "<group>"; };
		84E80FBB27EA2FCC00C2EE3E /* PhotosCollectionViewCell.swift */ = {isa = PBXFileReference; lastKnownFileType = sourcecode.swift; path = PhotosCollectionViewCell.swift; sourceTree = "<group>"; };
		84E80FBD27EA3E7200C2EE3E /* Photos.swift */ = {isa = PBXFileReference; lastKnownFileType = sourcecode.swift; path = Photos.swift; sourceTree = "<group>"; };
		84F2556A27CB89470048F111 /* ProfileHeaderView.swift */ = {isa = PBXFileReference; lastKnownFileType = sourcecode.swift; path = ProfileHeaderView.swift; sourceTree = "<group>"; };
/* End PBXFileReference section */

/* Begin PBXFrameworksBuildPhase section */
		84DE712527BAB7AF002397B7 /* Frameworks */ = {
			isa = PBXFrameworksBuildPhase;
			buildActionMask = 2147483647;
			files = (
			);
			runOnlyForDeploymentPostprocessing = 0;
		};
/* End PBXFrameworksBuildPhase section */

/* Begin PBXGroup section */
		848FE9EB27E5F25500ABE1AD /* Model */ = {
			isa = PBXGroup;
			children = (
				848FE9EC27E5F29D00ABE1AD /* Post.swift */,
				84E80FBD27EA3E7200C2EE3E /* Photos.swift */,
			);
			path = Model;
			sourceTree = "<group>";
		};
		84DE711F27BAB7AF002397B7 = {
			isa = PBXGroup;
			children = (
				84DE712A27BAB7AF002397B7 /* Navigation */,
				84DE712927BAB7AF002397B7 /* Products */,
			);
			sourceTree = "<group>";
		};
		84DE712927BAB7AF002397B7 /* Products */ = {
			isa = PBXGroup;
			children = (
				84DE712827BAB7AF002397B7 /* Navigation.app */,
			);
			name = Products;
			sourceTree = "<group>";
		};
		84DE712A27BAB7AF002397B7 /* Navigation */ = {
			isa = PBXGroup;
			children = (
				848FE9EB27E5F25500ABE1AD /* Model */,
				84F2556927CB86010048F111 /* Profile */,
				84DE712B27BAB7AF002397B7 /* AppDelegate.swift */,
				84DE712D27BAB7AF002397B7 /* SceneDelegate.swift */,
				845F1EB427C7B63B003B437B /* MainTabBarController.swift */,
				845F1EAE27C7B580003B437B /* FeedViewController.swift */,
				845F1EB627C7F326003B437B /* PostViewController.swift */,
				845F1EB827CA896B003B437B /* InfoViewController.swift */,
				84DE713427BAB7B0002397B7 /* Assets.xcassets */,
				84DE713627BAB7B0002397B7 /* LaunchScreen.storyboard */,
				84DE713927BAB7B0002397B7 /* Info.plist */,
			);
			path = Navigation;
			sourceTree = "<group>";
		};
		84F2556927CB86010048F111 /* Profile */ = {
			isa = PBXGroup;
			children = (
				84F2556A27CB89470048F111 /* ProfileHeaderView.swift */,
				845F1EB027C7B5A2003B437B /* ProfileViewController.swift */,
				8471830927DDD56D003C1090 /* LogInViewController.swift */,
				8427E0F027E7738F004F9111 /* PostTableViewCell.swift */,
				84E80FB727E9F41800C2EE3E /* PhotosTableViewCell.swift */,
				84E80FB927EA289A00C2EE3E /* PhotosViewController.swift */,
				84E80FBB27EA2FCC00C2EE3E /* PhotosCollectionViewCell.swift */,
			);
			path = Profile;
			sourceTree = "<group>";
		};
/* End PBXGroup section */

/* Begin PBXNativeTarget section */
		84DE712727BAB7AF002397B7 /* Navigation */ = {
			isa = PBXNativeTarget;
			buildConfigurationList = 84DE713C27BAB7B0002397B7 /* Build configuration list for PBXNativeTarget "Navigation" */;
			buildPhases = (
				84DE712427BAB7AF002397B7 /* Sources */,
				84DE712527BAB7AF002397B7 /* Frameworks */,
				84DE712627BAB7AF002397B7 /* Resources */,
			);
			buildRules = (
			);
			dependencies = (
			);
			name = Navigation;
			productName = Navigation;
			productReference = 84DE712827BAB7AF002397B7 /* Navigation.app */;
			productType = "com.apple.product-type.application";
		};
/* End PBXNativeTarget section */

/* Begin PBXProject section */
		84DE712027BAB7AF002397B7 /* Project object */ = {
			isa = PBXProject;
			attributes = {
				BuildIndependentTargetsInParallel = 1;
				LastSwiftUpdateCheck = 1320;
				LastUpgradeCheck = 1320;
				TargetAttributes = {
					84DE712727BAB7AF002397B7 = {
						CreatedOnToolsVersion = 13.2.1;
					};
				};
			};
			buildConfigurationList = 84DE712327BAB7AF002397B7 /* Build configuration list for PBXProject "Navigation" */;
			compatibilityVersion = "Xcode 13.0";
			developmentRegion = en;
			hasScannedForEncodings = 0;
			knownRegions = (
				en,
				Base,
			);
			mainGroup = 84DE711F27BAB7AF002397B7;
			productRefGroup = 84DE712927BAB7AF002397B7 /* Products */;
			projectDirPath = "";
			projectRoot = "";
			targets = (
				84DE712727BAB7AF002397B7 /* Navigation */,
			);
		};
/* End PBXProject section */

/* Begin PBXResourcesBuildPhase section */
		84DE712627BAB7AF002397B7 /* Resources */ = {
			isa = PBXResourcesBuildPhase;
			buildActionMask = 2147483647;
			files = (
				84DE713827BAB7B0002397B7 /* LaunchScreen.storyboard in Resources */,
				84DE713527BAB7B0002397B7 /* Assets.xcassets in Resources */,
			);
			runOnlyForDeploymentPostprocessing = 0;
		};
/* End PBXResourcesBuildPhase section */

/* Begin PBXSourcesBuildPhase section */
		84DE712427BAB7AF002397B7 /* Sources */ = {
			isa = PBXSourcesBuildPhase;
			buildActionMask = 2147483647;
			files = (
				84E80FB827E9F41800C2EE3E /* PhotosTableViewCell.swift in Sources */,
				84E80FBC27EA2FCC00C2EE3E /* PhotosCollectionViewCell.swift in Sources */,
				84E80FBA27EA289A00C2EE3E /* PhotosViewController.swift in Sources */,
				84E80FBE27EA3E7200C2EE3E /* Photos.swift in Sources */,
				8427E0F127E7738F004F9111 /* PostTableViewCell.swift in Sources */,
				845F1EB727C7F326003B437B /* PostViewController.swift in Sources */,
				84DE712C27BAB7AF002397B7 /* AppDelegate.swift in Sources */,
				8471830A27DDD56D003C1090 /* LogInViewController.swift in Sources */,
				845F1EAF27C7B580003B437B /* FeedViewController.swift in Sources */,
				845F1EB927CA896B003B437B /* InfoViewController.swift in Sources */,
				845F1EB527C7B63B003B437B /* MainTabBarController.swift in Sources */,
				845F1EB127C7B5A2003B437B /* ProfileViewController.swift in Sources */,
				84DE712E27BAB7AF002397B7 /* SceneDelegate.swift in Sources */,
				84F2556B27CB89470048F111 /* ProfileHeaderView.swift in Sources */,
				848FE9ED27E5F29D00ABE1AD /* Post.swift in Sources */,
			);
			runOnlyForDeploymentPostprocessing = 0;
		};
/* End PBXSourcesBuildPhase section */

/* Begin PBXVariantGroup section */
		84DE713627BAB7B0002397B7 /* LaunchScreen.storyboard */ = {
			isa = PBXVariantGroup;
			children = (
				84DE713727BAB7B0002397B7 /* Base */,
			);
			name = LaunchScreen.storyboard;
			sourceTree = "<group>";
		};
/* End PBXVariantGroup section */

/* Begin XCBuildConfiguration section */
		84DE713A27BAB7B0002397B7 /* Debug */ = {
			isa = XCBuildConfiguration;
			buildSettings = {
				ALWAYS_SEARCH_USER_PATHS = NO;
				CLANG_ANALYZER_NONNULL = YES;
				CLANG_ANALYZER_NUMBER_OBJECT_CONVERSION = YES_AGGRESSIVE;
				CLANG_CXX_LANGUAGE_STANDARD = "gnu++17";
				CLANG_CXX_LIBRARY = "libc++";
				CLANG_ENABLE_MODULES = YES;
				CLANG_ENABLE_OBJC_ARC = YES;
				CLANG_ENABLE_OBJC_WEAK = YES;
				CLANG_WARN_BLOCK_CAPTURE_AUTORELEASING = YES;
				CLANG_WARN_BOOL_CONVERSION = YES;
				CLANG_WARN_COMMA = YES;
				CLANG_WARN_CONSTANT_CONVERSION = YES;
				CLANG_WARN_DEPRECATED_OBJC_IMPLEMENTATIONS = YES;
				CLANG_WARN_DIRECT_OBJC_ISA_USAGE = YES_ERROR;
				CLANG_WARN_DOCUMENTATION_COMMENTS = YES;
				CLANG_WARN_EMPTY_BODY = YES;
				CLANG_WARN_ENUM_CONVERSION = YES;
				CLANG_WARN_INFINITE_RECURSION = YES;
				CLANG_WARN_INT_CONVERSION = YES;
				CLANG_WARN_NON_LITERAL_NULL_CONVERSION = YES;
				CLANG_WARN_OBJC_IMPLICIT_RETAIN_SELF = YES;
				CLANG_WARN_OBJC_LITERAL_CONVERSION = YES;
				CLANG_WARN_OBJC_ROOT_CLASS = YES_ERROR;
				CLANG_WARN_QUOTED_INCLUDE_IN_FRAMEWORK_HEADER = YES;
				CLANG_WARN_RANGE_LOOP_ANALYSIS = YES;
				CLANG_WARN_STRICT_PROTOTYPES = YES;
				CLANG_WARN_SUSPICIOUS_MOVE = YES;
				CLANG_WARN_UNGUARDED_AVAILABILITY = YES_AGGRESSIVE;
				CLANG_WARN_UNREACHABLE_CODE = YES;
				CLANG_WARN__DUPLICATE_METHOD_MATCH = YES;
				COPY_PHASE_STRIP = NO;
				DEBUG_INFORMATION_FORMAT = dwarf;
				ENABLE_STRICT_OBJC_MSGSEND = YES;
				ENABLE_TESTABILITY = YES;
				GCC_C_LANGUAGE_STANDARD = gnu11;
				GCC_DYNAMIC_NO_PIC = NO;
				GCC_NO_COMMON_BLOCKS = YES;
				GCC_OPTIMIZATION_LEVEL = 0;
				GCC_PREPROCESSOR_DEFINITIONS = (
					"DEBUG=1",
					"$(inherited)",
				);
				GCC_WARN_64_TO_32_BIT_CONVERSION = YES;
				GCC_WARN_ABOUT_RETURN_TYPE = YES_ERROR;
				GCC_WARN_UNDECLARED_SELECTOR = YES;
				GCC_WARN_UNINITIALIZED_AUTOS = YES_AGGRESSIVE;
				GCC_WARN_UNUSED_FUNCTION = YES;
				GCC_WARN_UNUSED_VARIABLE = YES;
				IPHONEOS_DEPLOYMENT_TARGET = 15.2;
				MTL_ENABLE_DEBUG_INFO = INCLUDE_SOURCE;
				MTL_FAST_MATH = YES;
				ONLY_ACTIVE_ARCH = YES;
				SDKROOT = iphoneos;
				SWIFT_ACTIVE_COMPILATION_CONDITIONS = DEBUG;
				SWIFT_OPTIMIZATION_LEVEL = "-Onone";
			};
			name = Debug;
		};
		84DE713B27BAB7B0002397B7 /* Release */ = {
			isa = XCBuildConfiguration;
			buildSettings = {
				ALWAYS_SEARCH_USER_PATHS = NO;
				CLANG_ANALYZER_NONNULL = YES;
				CLANG_ANALYZER_NUMBER_OBJECT_CONVERSION = YES_AGGRESSIVE;
				CLANG_CXX_LANGUAGE_STANDARD = "gnu++17";
				CLANG_CXX_LIBRARY = "libc++";
				CLANG_ENABLE_MODULES = YES;
				CLANG_ENABLE_OBJC_ARC = YES;
				CLANG_ENABLE_OBJC_WEAK = YES;
				CLANG_WARN_BLOCK_CAPTURE_AUTORELEASING = YES;
				CLANG_WARN_BOOL_CONVERSION = YES;
				CLANG_WARN_COMMA = YES;
				CLANG_WARN_CONSTANT_CONVERSION = YES;
				CLANG_WARN_DEPRECATED_OBJC_IMPLEMENTATIONS = YES;
				CLANG_WARN_DIRECT_OBJC_ISA_USAGE = YES_ERROR;
				CLANG_WARN_DOCUMENTATION_COMMENTS = YES;
				CLANG_WARN_EMPTY_BODY = YES;
				CLANG_WARN_ENUM_CONVERSION = YES;
				CLANG_WARN_INFINITE_RECURSION = YES;
				CLANG_WARN_INT_CONVERSION = YES;
				CLANG_WARN_NON_LITERAL_NULL_CONVERSION = YES;
				CLANG_WARN_OBJC_IMPLICIT_RETAIN_SELF = YES;
				CLANG_WARN_OBJC_LITERAL_CONVERSION = YES;
				CLANG_WARN_OBJC_ROOT_CLASS = YES_ERROR;
				CLANG_WARN_QUOTED_INCLUDE_IN_FRAMEWORK_HEADER = YES;
				CLANG_WARN_RANGE_LOOP_ANALYSIS = YES;
				CLANG_WARN_STRICT_PROTOTYPES = YES;
				CLANG_WARN_SUSPICIOUS_MOVE = YES;
				CLANG_WARN_UNGUARDED_AVAILABILITY = YES_AGGRESSIVE;
				CLANG_WARN_UNREACHABLE_CODE = YES;
				CLANG_WARN__DUPLICATE_METHOD_MATCH = YES;
				COPY_PHASE_STRIP = NO;
				DEBUG_INFORMATION_FORMAT = "dwarf-with-dsym";
				ENABLE_NS_ASSERTIONS = NO;
				ENABLE_STRICT_OBJC_MSGSEND = YES;
				GCC_C_LANGUAGE_STANDARD = gnu11;
				GCC_NO_COMMON_BLOCKS = YES;
				GCC_WARN_64_TO_32_BIT_CONVERSION = YES;
				GCC_WARN_ABOUT_RETURN_TYPE = YES_ERROR;
				GCC_WARN_UNDECLARED_SELECTOR = YES;
				GCC_WARN_UNINITIALIZED_AUTOS = YES_AGGRESSIVE;
				GCC_WARN_UNUSED_FUNCTION = YES;
				GCC_WARN_UNUSED_VARIABLE = YES;
				IPHONEOS_DEPLOYMENT_TARGET = 15.2;
				MTL_ENABLE_DEBUG_INFO = NO;
				MTL_FAST_MATH = YES;
				SDKROOT = iphoneos;
				SWIFT_COMPILATION_MODE = wholemodule;
				SWIFT_OPTIMIZATION_LEVEL = "-O";
				VALIDATE_PRODUCT = YES;
			};
			name = Release;
		};
		84DE713D27BAB7B0002397B7 /* Debug */ = {
			isa = XCBuildConfiguration;
			buildSettings = {
				ASSETCATALOG_COMPILER_APPICON_NAME = AppIcon;
				ASSETCATALOG_COMPILER_GLOBAL_ACCENT_COLOR_NAME = AccentColor;
				CODE_SIGN_STYLE = Automatic;
				CURRENT_PROJECT_VERSION = 1;
				DEVELOPMENT_TEAM = 437BVVFZDM;
				GENERATE_INFOPLIST_FILE = YES;
				INFOPLIST_FILE = Navigation/Info.plist;
				INFOPLIST_KEY_UIApplicationSupportsIndirectInputEvents = YES;
				INFOPLIST_KEY_UILaunchStoryboardName = LaunchScreen;
				INFOPLIST_KEY_UISupportedInterfaceOrientations_iPad = "UIInterfaceOrientationPortrait UIInterfaceOrientationPortraitUpsideDown UIInterfaceOrientationLandscapeLeft UIInterfaceOrientationLandscapeRight";
				INFOPLIST_KEY_UISupportedInterfaceOrientations_iPhone = "UIInterfaceOrientationPortrait UIInterfaceOrientationLandscapeLeft UIInterfaceOrientationLandscapeRight";
				LD_RUNPATH_SEARCH_PATHS = (
					"$(inherited)",
					"@executable_path/Frameworks",
				);
				MARKETING_VERSION = 1.0;
				PRODUCT_BUNDLE_IDENTIFIER = GlushkovVV.Navigation;
				PRODUCT_NAME = "$(TARGET_NAME)";
				SWIFT_EMIT_LOC_STRINGS = YES;
				SWIFT_VERSION = 5.0;
				TARGETED_DEVICE_FAMILY = "1,2";
			};
			name = Debug;
		};
		84DE713E27BAB7B0002397B7 /* Release */ = {
			isa = XCBuildConfiguration;
			buildSettings = {
				ASSETCATALOG_COMPILER_APPICON_NAME = AppIcon;
				ASSETCATALOG_COMPILER_GLOBAL_ACCENT_COLOR_NAME = AccentColor;
				CODE_SIGN_STYLE = Automatic;
				CURRENT_PROJECT_VERSION = 1;
				DEVELOPMENT_TEAM = 437BVVFZDM;
				GENERATE_INFOPLIST_FILE = YES;
				INFOPLIST_FILE = Navigation/Info.plist;
				INFOPLIST_KEY_UIApplicationSupportsIndirectInputEvents = YES;
				INFOPLIST_KEY_UILaunchStoryboardName = LaunchScreen;
				INFOPLIST_KEY_UISupportedInterfaceOrientations_iPad = "UIInterfaceOrientationPortrait UIInterfaceOrientationPortraitUpsideDown UIInterfaceOrientationLandscapeLeft UIInterfaceOrientationLandscapeRight";
				INFOPLIST_KEY_UISupportedInterfaceOrientations_iPhone = "UIInterfaceOrientationPortrait UIInterfaceOrientationLandscapeLeft UIInterfaceOrientationLandscapeRight";
				LD_RUNPATH_SEARCH_PATHS = (
					"$(inherited)",
					"@executable_path/Frameworks",
				);
				MARKETING_VERSION = 1.0;
				PRODUCT_BUNDLE_IDENTIFIER = GlushkovVV.Navigation;
				PRODUCT_NAME = "$(TARGET_NAME)";
				SWIFT_EMIT_LOC_STRINGS = YES;
				SWIFT_VERSION = 5.0;
				TARGETED_DEVICE_FAMILY = "1,2";
			};
			name = Release;
		};
/* End XCBuildConfiguration section */

/* Begin XCConfigurationList section */
		84DE712327BAB7AF002397B7 /* Build configuration list for PBXProject "Navigation" */ = {
			isa = XCConfigurationList;
			buildConfigurations = (
				84DE713A27BAB7B0002397B7 /* Debug */,
				84DE713B27BAB7B0002397B7 /* Release */,
			);
			defaultConfigurationIsVisible = 0;
			defaultConfigurationName = Release;
		};
		84DE713C27BAB7B0002397B7 /* Build configuration list for PBXNativeTarget "Navigation" */ = {
			isa = XCConfigurationList;
			buildConfigurations = (
				84DE713D27BAB7B0002397B7 /* Debug */,
				84DE713E27BAB7B0002397B7 /* Release */,
			);
			defaultConfigurationIsVisible = 0;
			defaultConfigurationName = Release;
		};
/* End XCConfigurationList section */
	};
	rootObject = 84DE712027BAB7AF002397B7 /* Project object */;
}
